schema: '2.0'
stages:
  preprocess:
    cmd: python ./src/training/process_data.py
    deps:
    - path: .\data\raw\titanic.csv
      hash: md5
      md5: 2309cc5f04782ed9bb6016d9f4e381cf
      size: 61194
    - path: .\src\training\process_data.py
      hash: md5
      md5: 6bc9d287b7bccadfa88c1077df3773bb
      size: 2382
    outs:
    - path: .\data\processed\titanic-test.parquet
      hash: md5
      md5: e317aed3f7b82c6c5aaaed596b3ec699
      size: 13761
    - path: .\data\processed\titanic-train.parquet
      hash: md5
      md5: 70321861ea314d7ef7d275fabef69b6c
      size: 37081
  Train:
    cmd: python ./src/training/train.py
    deps:
    - path: .\data\processed\titanic-test.parquet
      hash: md5
      md5: e317aed3f7b82c6c5aaaed596b3ec699
      size: 13761
    - path: .\data\processed\titanic-train.parquet
      hash: md5
      md5: 70321861ea314d7ef7d275fabef69b6c
      size: 37081
    - path: .\src\training\train.py
      hash: md5
      md5: 91bdfb63c8c3f1524e156f4ccf12421c
      size: 6218
    outs:
    - path: .\models\Titanic_Classifier\label_encoder.pkl
      hash: md5
      md5: 6af0b32d9e2a24ebcd4e2461e5ebd78b
      size: 258
    - path: 
        .\models\Titanic_Classifier_random_forest\Titanic_Classifier_random_forest_model.pkl
      hash: md5
      md5: d6cb4d3ed64310086d9b3ad8a4980e0a
      size: 1366547
    - path: .\models\Titanic_Classifier_xgboost\Titanic_Classifier_xgboost_model.pkl
      hash: md5
      md5: b1312f587ffa7546fc42da4f73746382
      size: 207937
  Preprocess:
    cmd: python ./src/training/process_data.py
    deps:
    - path: .\data\raw\titanic.csv
      hash: md5
      md5: 2309cc5f04782ed9bb6016d9f4e381cf
      size: 61194
    - path: .\src\training\process_data.py
      hash: md5
      md5: 6bc9d287b7bccadfa88c1077df3773bb
      size: 2382
    outs:
    - path: .\data\processed\titanic-test.parquet
      hash: md5
      md5: e317aed3f7b82c6c5aaaed596b3ec699
      size: 13761
    - path: .\data\processed\titanic-train.parquet
      hash: md5
      md5: 70321861ea314d7ef7d275fabef69b6c
      size: 37081
  Evaluate:
    cmd: python ./src/training/evaluate.py
    deps:
    - path: .\data\processed\Titanic-test.parquet
      hash: md5
      md5: e317aed3f7b82c6c5aaaed596b3ec699
      size: 13761
    - path: .\models\Titanic_Classifier\label_encoder.pkl
      hash: md5
      md5: 6af0b32d9e2a24ebcd4e2461e5ebd78b
      size: 258
    - path: 
        .\models\Titanic_Classifier_random_forest\Titanic_Classifier_random_forest_model.pkl
      hash: md5
      md5: d6cb4d3ed64310086d9b3ad8a4980e0a
      size: 1366547
    - path: .\models\Titanic_Classifier_xgboost\Titanic_Classifier_xgboost_model.pkl
      hash: md5
      md5: b1312f587ffa7546fc42da4f73746382
      size: 207937
    - path: .\src\training\evaluate.py
      hash: md5
      md5: c413dda008f6f106e575c852a4cfbabf
      size: 3576
    outs:
    - path: .\reports\Titanic_Classifier_random_forest\evaluation_report.json
      hash: md5
      md5: ce087ec3be618f04e88c4ef779c97311
      size: 1112
    - path: .\reports\Titanic_Classifier_xgboost\evaluation_report.json
      hash: md5
      md5: e996795b7fd93f2a3fb63d9d8cd35699
      size: 1108
